# THIS IS AN AUTOGENERATED FILE. DO NOT EDIT THIS FILE DIRECTLY.
# yarn lockfile v1


react-native-flipper@^0.37.0:
  version "0.37.0"
  resolved "https://registry.npmjs.org/react-native-flipper/-/react-native-flipper-0.37.0.tgz#15187696e7361553952a83c77dcf53e508261662"
  integrity sha512-ZnL31EfUoXpFY4zddm/8hW6hh7+wr1VXFV+2s9TWx5F9XQ/bNVFsP+2/bbTVwYE678caZOpmHxkWebkVb2PTtA==
